
Microsoft Visual Studio Solution File, Format Version 12.00
# Visual Studio Version 17
VisualStudioVersion = 17.4.33122.133
MinimumVisualStudioVersion = 10.0.40219.1
Project("{FAE04EC0-301F-11D3-BF4B-00C04F79EFBC}") = "email_validation", "email_validation.csproj", "{799A0B41-FC8F-457E-BB24-D924FFD32602}"
EndProject
Global
	GlobalSection(SolutionConfigurationPlatforms) = preSolution
		Debug|Any CPU = Debug|Any CPU
		Release|Any CPU = Release|Any CPU
	EndGlobalSection
	GlobalSection(ProjectConfigurationPlatforms) = postSolution
		{799A0B41-FC8F-457E-BB24-D924FFD32602}.Debug|Any CPU.ActiveCfg = Debug|Any CPU
		{799A0B41-FC8F-457E-BB24-D924FFD32602}.Debug|Any CPU.Build.0 = Debug|Any CPU
		{799A0B41-FC8F-457E-BB24-D924FFD32602}.Release|Any CPU.ActiveCfg = Release|Any CPU
		{799A0B41-FC8F-457E-BB24-D924FFD32602}.Release|Any CPU.Build.0 = Release|Any CPU
	EndGlobalSection
	GlobalSection(SolutionProperties) = preSolution
		HideSolutionNode = FALSE
	EndGlobalSection
	GlobalSection(ExtensibilityGlobals) = postSolution
		SolutionGuid = {8685C3C8-221F-49F0-B422-3D77C95AE41B}
	EndGlobalSection
EndGlobal
