
Microsoft Visual Studio Solution File, Format Version 12.00
# Visual Studio Version 17
VisualStudioVersion = 17.4.33122.133
MinimumVisualStudioVersion = 10.0.40219.1
Project("{FAE04EC0-301F-11D3-BF4B-00C04F79EFBC}") = "validate_firstname", "validate_firstname.csproj", "{08978A68-CF92-4D8C-9AFE-D80DB8164EC5}"
EndProject
Global
	GlobalSection(SolutionConfigurationPlatforms) = preSolution
		Debug|Any CPU = Debug|Any CPU
		Release|Any CPU = Release|Any CPU
	EndGlobalSection
	GlobalSection(ProjectConfigurationPlatforms) = postSolution
		{08978A68-CF92-4D8C-9AFE-D80DB8164EC5}.Debug|Any CPU.ActiveCfg = Debug|Any CPU
		{08978A68-CF92-4D8C-9AFE-D80DB8164EC5}.Debug|Any CPU.Build.0 = Debug|Any CPU
		{08978A68-CF92-4D8C-9AFE-D80DB8164EC5}.Release|Any CPU.ActiveCfg = Release|Any CPU
		{08978A68-CF92-4D8C-9AFE-D80DB8164EC5}.Release|Any CPU.Build.0 = Release|Any CPU
	EndGlobalSection
	GlobalSection(SolutionProperties) = preSolution
		HideSolutionNode = FALSE
	EndGlobalSection
	GlobalSection(ExtensibilityGlobals) = postSolution
		SolutionGuid = {D0B2FDCA-7CF3-44CF-9539-C4757142C54E}
	EndGlobalSection
EndGlobal
